// !$*UTF8*$!
{
	archiveVersion = 1;
	classes = {
	};
	objectVersion = 46;
	objects = {

/* Begin PBXBuildFile section */
		B009C5251A94306400C43439 /* Book.swift in Sources */ = {isa = PBXBuildFile; fileRef = B009C5241A94306400C43439 /* Book.swift */; };
		B009C5271A94307300C43439 /* SearchService.swift in Sources */ = {isa = PBXBuildFile; fileRef = B009C5261A94307300C43439 /* SearchService.swift */; };
		B019B5341AF1BA54002417E8 /* TutorialViewController.swift in Sources */ = {isa = PBXBuildFile; fileRef = B019B5331AF1BA54002417E8 /* TutorialViewController.swift */; };
		B019B5361AF1BD07002417E8 /* TutorialItemController.swift in Sources */ = {isa = PBXBuildFile; fileRef = B019B5351AF1BD07002417E8 /* TutorialItemController.swift */; };
		B02AFA391AD2DF4600BAF932 /* BookViewController.swift in Sources */ = {isa = PBXBuildFile; fileRef = B02AFA381AD2DF4600BAF932 /* BookViewController.swift */; };
		B02AFA3D1ADB6C7300BAF932 /* Store.swift in Sources */ = {isa = PBXBuildFile; fileRef = B02AFA3C1ADB6C7300BAF932 /* Store.swift */; };
		B02AFA3F1ADB6E1800BAF932 /* MapView.swift in Sources */ = {isa = PBXBuildFile; fileRef = B02AFA3E1ADB6E1800BAF932 /* MapView.swift */; };
		B02AFA401ADB70B500BAF932 /* Store.swift in Sources */ = {isa = PBXBuildFile; fileRef = B02AFA3C1ADB6C7300BAF932 /* Store.swift */; };
		B02AFA421ADB70C300BAF932 /* StoreTests.swift in Sources */ = {isa = PBXBuildFile; fileRef = B02AFA411ADB70C300BAF932 /* StoreTests.swift */; };
		B02AFA461ADCB62300BAF932 /* StoresView.swift in Sources */ = {isa = PBXBuildFile; fileRef = B02AFA451ADCB62300BAF932 /* StoresView.swift */; };
		B036109C1B1FBF0B001E0C8E /* cs_intro_01.png in Resources */ = {isa = PBXBuildFile; fileRef = B03610991B1FBF0B001E0C8E /* cs_intro_01.png */; };
		B036109D1B1FBF0B001E0C8E /* cs_intro_02.png in Resources */ = {isa = PBXBuildFile; fileRef = B036109A1B1FBF0B001E0C8E /* cs_intro_02.png */; };
		B036109E1B1FBF0B001E0C8E /* cs_intro_03.png in Resources */ = {isa = PBXBuildFile; fileRef = B036109B1B1FBF0B001E0C8E /* cs_intro_03.png */; };
		B03610A01B267DDD001E0C8E /* default_book.png in Resources */ = {isa = PBXBuildFile; fileRef = B036109F1B267DDD001E0C8E /* default_book.png */; };
		B03D5A941B0BF69400742FE1 /* LocationViewController.swift in Sources */ = {isa = PBXBuildFile; fileRef = B03D5A931B0BF69400742FE1 /* LocationViewController.swift */; };
		B06FB97E1A80620B00AEAB8F /* AppDelegate.swift in Sources */ = {isa = PBXBuildFile; fileRef = B06FB97D1A80620B00AEAB8F /* AppDelegate.swift */; };
		B06FB9871A80620B00AEAB8F /* Main.storyboard in Resources */ = {isa = PBXBuildFile; fileRef = B06FB9851A80620B00AEAB8F /* Main.storyboard */; };
		B06FB9891A80620B00AEAB8F /* Images.xcassets in Resources */ = {isa = PBXBuildFile; fileRef = B06FB9881A80620B00AEAB8F /* Images.xcassets */; };
		B06FB98C1A80620B00AEAB8F /* LaunchScreen.xib in Resources */ = {isa = PBXBuildFile; fileRef = B06FB98A1A80620B00AEAB8F /* LaunchScreen.xib */; };
		B07F0CD91B0D4D79007CFEB6 /* Settings.swift in Sources */ = {isa = PBXBuildFile; fileRef = B07F0CD81B0D4D79007CFEB6 /* Settings.swift */; };
		B081ACAE1B6C267F0034E8C5 /* CS_logo.png in Resources */ = {isa = PBXBuildFile; fileRef = B081ACAD1B6C267F0034E8C5 /* CS_logo.png */; };
		B0820EA91AB4AE1F0015F0DB /* CooperHewitt-Bold.otf in Resources */ = {isa = PBXBuildFile; fileRef = B0820E9B1AB4AE1F0015F0DB /* CooperHewitt-Bold.otf */; };
		B0820EAA1AB4AE1F0015F0DB /* CooperHewitt-BoldItalic.otf in Resources */ = {isa = PBXBuildFile; fileRef = B0820E9C1AB4AE1F0015F0DB /* CooperHewitt-BoldItalic.otf */; };
		B0820EAB1AB4AE1F0015F0DB /* CooperHewitt-Book.otf in Resources */ = {isa = PBXBuildFile; fileRef = B0820E9D1AB4AE1F0015F0DB /* CooperHewitt-Book.otf */; };
		B0820EAC1AB4AE1F0015F0DB /* CooperHewitt-BookItalic.otf in Resources */ = {isa = PBXBuildFile; fileRef = B0820E9E1AB4AE1F0015F0DB /* CooperHewitt-BookItalic.otf */; };
		B0820EAD1AB4AE1F0015F0DB /* CooperHewitt-Heavy.otf in Resources */ = {isa = PBXBuildFile; fileRef = B0820E9F1AB4AE1F0015F0DB /* CooperHewitt-Heavy.otf */; };
		B0820EAE1AB4AE1F0015F0DB /* CooperHewitt-HeavyItalic.otf in Resources */ = {isa = PBXBuildFile; fileRef = B0820EA01AB4AE1F0015F0DB /* CooperHewitt-HeavyItalic.otf */; };
		B0820EAF1AB4AE1F0015F0DB /* CooperHewitt-Light.otf in Resources */ = {isa = PBXBuildFile; fileRef = B0820EA11AB4AE1F0015F0DB /* CooperHewitt-Light.otf */; };
		B0820EB01AB4AE1F0015F0DB /* CooperHewitt-LightItalic.otf in Resources */ = {isa = PBXBuildFile; fileRef = B0820EA21AB4AE1F0015F0DB /* CooperHewitt-LightItalic.otf */; };
		B0820EB11AB4AE1F0015F0DB /* CooperHewitt-Medium.otf in Resources */ = {isa = PBXBuildFile; fileRef = B0820EA31AB4AE1F0015F0DB /* CooperHewitt-Medium.otf */; };
		B0820EB21AB4AE1F0015F0DB /* CooperHewitt-MediumItalic.otf in Resources */ = {isa = PBXBuildFile; fileRef = B0820EA41AB4AE1F0015F0DB /* CooperHewitt-MediumItalic.otf */; };
		B0820EB31AB4AE1F0015F0DB /* CooperHewitt-Semibold.otf in Resources */ = {isa = PBXBuildFile; fileRef = B0820EA51AB4AE1F0015F0DB /* CooperHewitt-Semibold.otf */; };
		B0820EB41AB4AE1F0015F0DB /* CooperHewitt-SemiboldItalic.otf in Resources */ = {isa = PBXBuildFile; fileRef = B0820EA61AB4AE1F0015F0DB /* CooperHewitt-SemiboldItalic.otf */; };
		B0820EB51AB4AE1F0015F0DB /* CooperHewitt-Thin.otf in Resources */ = {isa = PBXBuildFile; fileRef = B0820EA71AB4AE1F0015F0DB /* CooperHewitt-Thin.otf */; };
		B0820EB61AB4AE1F0015F0DB /* CooperHewitt-ThinItalic.otf in Resources */ = {isa = PBXBuildFile; fileRef = B0820EA81AB4AE1F0015F0DB /* CooperHewitt-ThinItalic.otf */; };
		B0820EBA1AB4CB3F0015F0DB /* SearchViewController.swift in Sources */ = {isa = PBXBuildFile; fileRef = B0820EB91AB4CB3F0015F0DB /* SearchViewController.swift */; };
		B0820EBE1ACB5B740015F0DB /* ResultsViewController.swift in Sources */ = {isa = PBXBuildFile; fileRef = B0820EBD1ACB5B740015F0DB /* ResultsViewController.swift */; };
		B0820EC01ACB701F0015F0DB /* CoverImageCell.swift in Sources */ = {isa = PBXBuildFile; fileRef = B0820EBF1ACB701F0015F0DB /* CoverImageCell.swift */; };
		B0820EC21ACB8B5A0015F0DB /* ResultsHeaderView.swift in Sources */ = {isa = PBXBuildFile; fileRef = B0820EC11ACB8B5A0015F0DB /* ResultsHeaderView.swift */; };
		B093DACB1A98117F00309EE2 /* BookTests.swift in Sources */ = {isa = PBXBuildFile; fileRef = B093DACA1A98117F00309EE2 /* BookTests.swift */; };
		B093DACC1A98151500309EE2 /* Book.swift in Sources */ = {isa = PBXBuildFile; fileRef = B009C5241A94306400C43439 /* Book.swift */; };
		B09C50611B65A3E700A451AC /* search_icn_black.png in Resources */ = {isa = PBXBuildFile; fileRef = B09C505F1B65A3E700A451AC /* search_icn_black.png */; };
		B09C50621B65A3E700A451AC /* search_icn_green.png in Resources */ = {isa = PBXBuildFile; fileRef = B09C50601B65A3E700A451AC /* search_icn_green.png */; };
		B0A1A5221B16DA2D006176F8 /* NavigationViewController.swift in Sources */ = {isa = PBXBuildFile; fileRef = B0A1A5211B16DA2D006176F8 /* NavigationViewController.swift */; };
		B0F4FE001AE038DE001516C9 /* StoreCell.swift in Sources */ = {isa = PBXBuildFile; fileRef = B0F4FDFF1AE038DE001516C9 /* StoreCell.swift */; };
/* End PBXBuildFile section */

/* Begin PBXContainerItemProxy section */
		B06FB9921A80620B00AEAB8F /* PBXContainerItemProxy */ = {
			isa = PBXContainerItemProxy;
			containerPortal = B06FB9701A80620B00AEAB8F /* Project object */;
			proxyType = 1;
			remoteGlobalIDString = B06FB9771A80620B00AEAB8F;
			remoteInfo = CityShelf;
		};
/* End PBXContainerItemProxy section */

/* Begin PBXFileReference section */
		B009C5241A94306400C43439 /* Book.swift */ = {isa = PBXFileReference; fileEncoding = 4; lastKnownFileType = sourcecode.swift; path = Book.swift; sourceTree = "<group>"; };
		B009C5261A94307300C43439 /* SearchService.swift */ = {isa = PBXFileReference; fileEncoding = 4; lastKnownFileType = sourcecode.swift; path = SearchService.swift; sourceTree = "<group>"; };
		B019B5331AF1BA54002417E8 /* TutorialViewController.swift */ = {isa = PBXFileReference; fileEncoding = 4; lastKnownFileType = sourcecode.swift; path = TutorialViewController.swift; sourceTree = "<group>"; };
		B019B5351AF1BD07002417E8 /* TutorialItemController.swift */ = {isa = PBXFileReference; fileEncoding = 4; lastKnownFileType = sourcecode.swift; path = TutorialItemController.swift; sourceTree = "<group>"; };
		B02AFA381AD2DF4600BAF932 /* BookViewController.swift */ = {isa = PBXFileReference; fileEncoding = 4; lastKnownFileType = sourcecode.swift; path = BookViewController.swift; sourceTree = "<group>"; };
		B02AFA3C1ADB6C7300BAF932 /* Store.swift */ = {isa = PBXFileReference; fileEncoding = 4; lastKnownFileType = sourcecode.swift; path = Store.swift; sourceTree = "<group>"; };
		B02AFA3E1ADB6E1800BAF932 /* MapView.swift */ = {isa = PBXFileReference; fileEncoding = 4; lastKnownFileType = sourcecode.swift; path = MapView.swift; sourceTree = "<group>"; };
		B02AFA411ADB70C300BAF932 /* StoreTests.swift */ = {isa = PBXFileReference; fileEncoding = 4; lastKnownFileType = sourcecode.swift; path = StoreTests.swift; sourceTree = "<group>"; };
		B02AFA451ADCB62300BAF932 /* StoresView.swift */ = {isa = PBXFileReference; fileEncoding = 4; lastKnownFileType = sourcecode.swift; path = StoresView.swift; sourceTree = "<group>"; };
		B03610991B1FBF0B001E0C8E /* cs_intro_01.png */ = {isa = PBXFileReference; lastKnownFileType = image.png; path = cs_intro_01.png; sourceTree = "<group>"; };
		B036109A1B1FBF0B001E0C8E /* cs_intro_02.png */ = {isa = PBXFileReference; lastKnownFileType = image.png; path = cs_intro_02.png; sourceTree = "<group>"; };
		B036109B1B1FBF0B001E0C8E /* cs_intro_03.png */ = {isa = PBXFileReference; lastKnownFileType = image.png; path = cs_intro_03.png; sourceTree = "<group>"; };
		B036109F1B267DDD001E0C8E /* default_book.png */ = {isa = PBXFileReference; lastKnownFileType = image.png; path = default_book.png; sourceTree = "<group>"; };
		B03D5A931B0BF69400742FE1 /* LocationViewController.swift */ = {isa = PBXFileReference; fileEncoding = 4; lastKnownFileType = sourcecode.swift; name = LocationViewController.swift; path = ../LocationViewController.swift; sourceTree = "<group>"; };
		B06FB9781A80620B00AEAB8F /* CityShelf.app */ = {isa = PBXFileReference; explicitFileType = wrapper.application; includeInIndex = 0; path = CityShelf.app; sourceTree = BUILT_PRODUCTS_DIR; };
		B06FB97C1A80620B00AEAB8F /* Info.plist */ = {isa = PBXFileReference; lastKnownFileType = text.plist.xml; path = Info.plist; sourceTree = "<group>"; };
		B06FB97D1A80620B00AEAB8F /* AppDelegate.swift */ = {isa = PBXFileReference; lastKnownFileType = sourcecode.swift; path = AppDelegate.swift; sourceTree = "<group>"; };
		B06FB9861A80620B00AEAB8F /* Base */ = {isa = PBXFileReference; lastKnownFileType = file.storyboard; name = Base; path = Base.lproj/Main.storyboard; sourceTree = "<group>"; };
		B06FB9881A80620B00AEAB8F /* Images.xcassets */ = {isa = PBXFileReference; lastKnownFileType = folder.assetcatalog; path = Images.xcassets; sourceTree = "<group>"; };
		B06FB98B1A80620B00AEAB8F /* Base */ = {isa = PBXFileReference; lastKnownFileType = file.xib; name = Base; path = Base.lproj/LaunchScreen.xib; sourceTree = "<group>"; };
		B06FB9911A80620B00AEAB8F /* CityShelfTests.xctest */ = {isa = PBXFileReference; explicitFileType = wrapper.cfbundle; includeInIndex = 0; path = CityShelfTests.xctest; sourceTree = BUILT_PRODUCTS_DIR; };
		B06FB9961A80620B00AEAB8F /* Info.plist */ = {isa = PBXFileReference; lastKnownFileType = text.plist.xml; path = Info.plist; sourceTree = "<group>"; };
		B07F0CD81B0D4D79007CFEB6 /* Settings.swift */ = {isa = PBXFileReference; fileEncoding = 4; lastKnownFileType = sourcecode.swift; path = Settings.swift; sourceTree = "<group>"; };
		B081ACAD1B6C267F0034E8C5 /* CS_logo.png */ = {isa = PBXFileReference; lastKnownFileType = image.png; path = CS_logo.png; sourceTree = "<group>"; };
		B0820E9B1AB4AE1F0015F0DB /* CooperHewitt-Bold.otf */ = {isa = PBXFileReference; lastKnownFileType = file; path = "CooperHewitt-Bold.otf"; sourceTree = "<group>"; };
		B0820E9C1AB4AE1F0015F0DB /* CooperHewitt-BoldItalic.otf */ = {isa = PBXFileReference; lastKnownFileType = file; path = "CooperHewitt-BoldItalic.otf"; sourceTree = "<group>"; };
		B0820E9D1AB4AE1F0015F0DB /* CooperHewitt-Book.otf */ = {isa = PBXFileReference; lastKnownFileType = file; path = "CooperHewitt-Book.otf"; sourceTree = "<group>"; };
		B0820E9E1AB4AE1F0015F0DB /* CooperHewitt-BookItalic.otf */ = {isa = PBXFileReference; lastKnownFileType = file; path = "CooperHewitt-BookItalic.otf"; sourceTree = "<group>"; };
		B0820E9F1AB4AE1F0015F0DB /* CooperHewitt-Heavy.otf */ = {isa = PBXFileReference; lastKnownFileType = file; path = "CooperHewitt-Heavy.otf"; sourceTree = "<group>"; };
		B0820EA01AB4AE1F0015F0DB /* CooperHewitt-HeavyItalic.otf */ = {isa = PBXFileReference; lastKnownFileType = file; path = "CooperHewitt-HeavyItalic.otf"; sourceTree = "<group>"; };
		B0820EA11AB4AE1F0015F0DB /* CooperHewitt-Light.otf */ = {isa = PBXFileReference; lastKnownFileType = file; path = "CooperHewitt-Light.otf"; sourceTree = "<group>"; };
		B0820EA21AB4AE1F0015F0DB /* CooperHewitt-LightItalic.otf */ = {isa = PBXFileReference; lastKnownFileType = file; path = "CooperHewitt-LightItalic.otf"; sourceTree = "<group>"; };
		B0820EA31AB4AE1F0015F0DB /* CooperHewitt-Medium.otf */ = {isa = PBXFileReference; lastKnownFileType = file; path = "CooperHewitt-Medium.otf"; sourceTree = "<group>"; };
		B0820EA41AB4AE1F0015F0DB /* CooperHewitt-MediumItalic.otf */ = {isa = PBXFileReference; lastKnownFileType = file; path = "CooperHewitt-MediumItalic.otf"; sourceTree = "<group>"; };
		B0820EA51AB4AE1F0015F0DB /* CooperHewitt-Semibold.otf */ = {isa = PBXFileReference; lastKnownFileType = file; path = "CooperHewitt-Semibold.otf"; sourceTree = "<group>"; };
		B0820EA61AB4AE1F0015F0DB /* CooperHewitt-SemiboldItalic.otf */ = {isa = PBXFileReference; lastKnownFileType = file; path = "CooperHewitt-SemiboldItalic.otf"; sourceTree = "<group>"; };
		B0820EA71AB4AE1F0015F0DB /* CooperHewitt-Thin.otf */ = {isa = PBXFileReference; lastKnownFileType = file; path = "CooperHewitt-Thin.otf"; sourceTree = "<group>"; };
		B0820EA81AB4AE1F0015F0DB /* CooperHewitt-ThinItalic.otf */ = {isa = PBXFileReference; lastKnownFileType = file; path = "CooperHewitt-ThinItalic.otf"; sourceTree = "<group>"; };
		B0820EB91AB4CB3F0015F0DB /* SearchViewController.swift */ = {isa = PBXFileReference; fileEncoding = 4; lastKnownFileType = sourcecode.swift; path = SearchViewController.swift; sourceTree = "<group>"; };
		B0820EBD1ACB5B740015F0DB /* ResultsViewController.swift */ = {isa = PBXFileReference; fileEncoding = 4; lastKnownFileType = sourcecode.swift; path = ResultsViewController.swift; sourceTree = "<group>"; };
		B0820EBF1ACB701F0015F0DB /* CoverImageCell.swift */ = {isa = PBXFileReference; fileEncoding = 4; lastKnownFileType = sourcecode.swift; path = CoverImageCell.swift; sourceTree = "<group>"; };
		B0820EC11ACB8B5A0015F0DB /* ResultsHeaderView.swift */ = {isa = PBXFileReference; fileEncoding = 4; lastKnownFileType = sourcecode.swift; path = ResultsHeaderView.swift; sourceTree = "<group>"; };
		B093DACA1A98117F00309EE2 /* BookTests.swift */ = {isa = PBXFileReference; fileEncoding = 4; lastKnownFileType = sourcecode.swift; path = BookTests.swift; sourceTree = "<group>"; };
		B09C505F1B65A3E700A451AC /* search_icn_black.png */ = {isa = PBXFileReference; lastKnownFileType = image.png; path = search_icn_black.png; sourceTree = "<group>"; };
		B09C50601B65A3E700A451AC /* search_icn_green.png */ = {isa = PBXFileReference; lastKnownFileType = image.png; path = search_icn_green.png; sourceTree = "<group>"; };
		B0A1A5211B16DA2D006176F8 /* NavigationViewController.swift */ = {isa = PBXFileReference; fileEncoding = 4; lastKnownFileType = sourcecode.swift; path = NavigationViewController.swift; sourceTree = "<group>"; };
		B0F4FDFF1AE038DE001516C9 /* StoreCell.swift */ = {isa = PBXFileReference; fileEncoding = 4; lastKnownFileType = sourcecode.swift; path = StoreCell.swift; sourceTree = "<group>"; };
/* End PBXFileReference section */

/* Begin PBXFrameworksBuildPhase section */
		B06FB9751A80620B00AEAB8F /* Frameworks */ = {
			isa = PBXFrameworksBuildPhase;
			buildActionMask = 2147483647;
			files = (
			);
			runOnlyForDeploymentPostprocessing = 0;
		};
		B06FB98E1A80620B00AEAB8F /* Frameworks */ = {
			isa = PBXFrameworksBuildPhase;
			buildActionMask = 2147483647;
			files = (
			);
			runOnlyForDeploymentPostprocessing = 0;
		};
/* End PBXFrameworksBuildPhase section */

/* Begin PBXGroup section */
		B06FB96F1A80620B00AEAB8F = {
			isa = PBXGroup;
			children = (
				B06FB97A1A80620B00AEAB8F /* CityShelf */,
				B06FB9941A80620B00AEAB8F /* CityShelfTests */,
				B06FB9791A80620B00AEAB8F /* Products */,
			);
			sourceTree = "<group>";
		};
		B06FB9791A80620B00AEAB8F /* Products */ = {
			isa = PBXGroup;
			children = (
				B06FB9781A80620B00AEAB8F /* CityShelf.app */,
				B06FB9911A80620B00AEAB8F /* CityShelfTests.xctest */,
			);
			name = Products;
			sourceTree = "<group>";
		};
		B06FB97A1A80620B00AEAB8F /* CityShelf */ = {
			isa = PBXGroup;
			children = (
				B06FB97D1A80620B00AEAB8F /* AppDelegate.swift */,
				B06FB9A21A8062B500AEAB8F /* Resources */,
				B019B5331AF1BA54002417E8 /* TutorialViewController.swift */,
				B019B5351AF1BD07002417E8 /* TutorialItemController.swift */,
				B03D5A931B0BF69400742FE1 /* LocationViewController.swift */,
				B0820EB91AB4CB3F0015F0DB /* SearchViewController.swift */,
				B0A1A5211B16DA2D006176F8 /* NavigationViewController.swift */,
				B0820EBD1ACB5B740015F0DB /* ResultsViewController.swift */,
				B0820EBF1ACB701F0015F0DB /* CoverImageCell.swift */,
				B0820EC11ACB8B5A0015F0DB /* ResultsHeaderView.swift */,
				B02AFA3E1ADB6E1800BAF932 /* MapView.swift */,
				B02AFA451ADCB62300BAF932 /* StoresView.swift */,
				B0F4FDFF1AE038DE001516C9 /* StoreCell.swift */,
				B02AFA381AD2DF4600BAF932 /* BookViewController.swift */,
				B009C5241A94306400C43439 /* Book.swift */,
				B009C5261A94307300C43439 /* SearchService.swift */,
				B02AFA3C1ADB6C7300BAF932 /* Store.swift */,
				B07F0CD81B0D4D79007CFEB6 /* Settings.swift */,
				B06FB9851A80620B00AEAB8F /* Main.storyboard */,
				B06FB9881A80620B00AEAB8F /* Images.xcassets */,
				B06FB98A1A80620B00AEAB8F /* LaunchScreen.xib */,
				B06FB97B1A80620B00AEAB8F /* Supporting Files */,
			);
			path = CityShelf;
			sourceTree = "<group>";
		};
		B06FB97B1A80620B00AEAB8F /* Supporting Files */ = {
			isa = PBXGroup;
			children = (
				B06FB97C1A80620B00AEAB8F /* Info.plist */,
			);
			name = "Supporting Files";
			sourceTree = "<group>";
		};
		B06FB9941A80620B00AEAB8F /* CityShelfTests */ = {
			isa = PBXGroup;
			children = (
				B06FB9951A80620B00AEAB8F /* Supporting Files */,
				B093DACA1A98117F00309EE2 /* BookTests.swift */,
				B02AFA411ADB70C300BAF932 /* StoreTests.swift */,
			);
			path = CityShelfTests;
			sourceTree = "<group>";
		};
		B06FB9951A80620B00AEAB8F /* Supporting Files */ = {
			isa = PBXGroup;
			children = (
				B06FB9961A80620B00AEAB8F /* Info.plist */,
			);
			name = "Supporting Files";
			sourceTree = "<group>";
		};
		B06FB9A21A8062B500AEAB8F /* Resources */ = {
			isa = PBXGroup;
			children = (
				B0820E9A1AB4AE1F0015F0DB /* fonts */,
				B06FB9A31A8062B500AEAB8F /* images */,
			);
			path = Resources;
			sourceTree = "<group>";
		};
		B06FB9A31A8062B500AEAB8F /* images */ = {
			isa = PBXGroup;
			children = (
				B081ACAD1B6C267F0034E8C5 /* CS_logo.png */,
				B09C505F1B65A3E700A451AC /* search_icn_black.png */,
				B09C50601B65A3E700A451AC /* search_icn_green.png */,
				B036109F1B267DDD001E0C8E /* default_book.png */,
				B03610991B1FBF0B001E0C8E /* cs_intro_01.png */,
				B036109A1B1FBF0B001E0C8E /* cs_intro_02.png */,
				B036109B1B1FBF0B001E0C8E /* cs_intro_03.png */,
			);
			path = images;
			sourceTree = "<group>";
		};
		B0820E9A1AB4AE1F0015F0DB /* fonts */ = {
			isa = PBXGroup;
			children = (
				B0820E9B1AB4AE1F0015F0DB /* CooperHewitt-Bold.otf */,
				B0820E9C1AB4AE1F0015F0DB /* CooperHewitt-BoldItalic.otf */,
				B0820E9D1AB4AE1F0015F0DB /* CooperHewitt-Book.otf */,
				B0820E9E1AB4AE1F0015F0DB /* CooperHewitt-BookItalic.otf */,
				B0820E9F1AB4AE1F0015F0DB /* CooperHewitt-Heavy.otf */,
				B0820EA01AB4AE1F0015F0DB /* CooperHewitt-HeavyItalic.otf */,
				B0820EA11AB4AE1F0015F0DB /* CooperHewitt-Light.otf */,
				B0820EA21AB4AE1F0015F0DB /* CooperHewitt-LightItalic.otf */,
				B0820EA31AB4AE1F0015F0DB /* CooperHewitt-Medium.otf */,
				B0820EA41AB4AE1F0015F0DB /* CooperHewitt-MediumItalic.otf */,
				B0820EA51AB4AE1F0015F0DB /* CooperHewitt-Semibold.otf */,
				B0820EA61AB4AE1F0015F0DB /* CooperHewitt-SemiboldItalic.otf */,
				B0820EA71AB4AE1F0015F0DB /* CooperHewitt-Thin.otf */,
				B0820EA81AB4AE1F0015F0DB /* CooperHewitt-ThinItalic.otf */,
			);
			path = fonts;
			sourceTree = "<group>";
		};
/* End PBXGroup section */

/* Begin PBXNativeTarget section */
		B06FB9771A80620B00AEAB8F /* CityShelf */ = {
			isa = PBXNativeTarget;
			buildConfigurationList = B06FB99B1A80620B00AEAB8F /* Build configuration list for PBXNativeTarget "CityShelf" */;
			buildPhases = (
				B06FB9741A80620B00AEAB8F /* Sources */,
				B06FB9751A80620B00AEAB8F /* Frameworks */,
				B06FB9761A80620B00AEAB8F /* Resources */,
			);
			buildRules = (
			);
			dependencies = (
			);
			name = CityShelf;
			productName = CityShelf;
			productReference = B06FB9781A80620B00AEAB8F /* CityShelf.app */;
			productType = "com.apple.product-type.application";
		};
		B06FB9901A80620B00AEAB8F /* CityShelfTests */ = {
			isa = PBXNativeTarget;
			buildConfigurationList = B06FB99E1A80620B00AEAB8F /* Build configuration list for PBXNativeTarget "CityShelfTests" */;
			buildPhases = (
				B06FB98D1A80620B00AEAB8F /* Sources */,
				B06FB98E1A80620B00AEAB8F /* Frameworks */,
				B06FB98F1A80620B00AEAB8F /* Resources */,
			);
			buildRules = (
			);
			dependencies = (
				B06FB9931A80620B00AEAB8F /* PBXTargetDependency */,
			);
			name = CityShelfTests;
			productName = CityShelfTests;
			productReference = B06FB9911A80620B00AEAB8F /* CityShelfTests.xctest */;
			productType = "com.apple.product-type.bundle.unit-test";
		};
/* End PBXNativeTarget section */

/* Begin PBXProject section */
		B06FB9701A80620B00AEAB8F /* Project object */ = {
			isa = PBXProject;
			attributes = {
				LastUpgradeCheck = 0610;
				ORGANIZATIONNAME = CityShelf;
				TargetAttributes = {
					B06FB9771A80620B00AEAB8F = {
						CreatedOnToolsVersion = 6.1.1;
						DevelopmentTeam = 4P342A56BD;
					};
					B06FB9901A80620B00AEAB8F = {
						CreatedOnToolsVersion = 6.1.1;
						TestTargetID = B06FB9771A80620B00AEAB8F;
					};
				};
			};
			buildConfigurationList = B06FB9731A80620B00AEAB8F /* Build configuration list for PBXProject "CityShelf" */;
			compatibilityVersion = "Xcode 3.2";
			developmentRegion = English;
			hasScannedForEncodings = 0;
			knownRegions = (
				en,
				Base,
			);
			mainGroup = B06FB96F1A80620B00AEAB8F;
			productRefGroup = B06FB9791A80620B00AEAB8F /* Products */;
			projectDirPath = "";
			projectRoot = "";
			targets = (
				B06FB9771A80620B00AEAB8F /* CityShelf */,
				B06FB9901A80620B00AEAB8F /* CityShelfTests */,
			);
		};
/* End PBXProject section */

/* Begin PBXResourcesBuildPhase section */
		B06FB9761A80620B00AEAB8F /* Resources */ = {
			isa = PBXResourcesBuildPhase;
			buildActionMask = 2147483647;
			files = (
				B036109E1B1FBF0B001E0C8E /* cs_intro_03.png in Resources */,
				B0820EAA1AB4AE1F0015F0DB /* CooperHewitt-BoldItalic.otf in Resources */,
				B0820EAF1AB4AE1F0015F0DB /* CooperHewitt-Light.otf in Resources */,
				B036109C1B1FBF0B001E0C8E /* cs_intro_01.png in Resources */,
				B0820EB11AB4AE1F0015F0DB /* CooperHewitt-Medium.otf in Resources */,
				B09C50621B65A3E700A451AC /* search_icn_green.png in Resources */,
				B0820EA91AB4AE1F0015F0DB /* CooperHewitt-Bold.otf in Resources */,
				B0820EB41AB4AE1F0015F0DB /* CooperHewitt-SemiboldItalic.otf in Resources */,
				B081ACAE1B6C267F0034E8C5 /* CS_logo.png in Resources */,
				B06FB9871A80620B00AEAB8F /* Main.storyboard in Resources */,
				B0820EAE1AB4AE1F0015F0DB /* CooperHewitt-HeavyItalic.otf in Resources */,
				B06FB98C1A80620B00AEAB8F /* LaunchScreen.xib in Resources */,
				B0820EB61AB4AE1F0015F0DB /* CooperHewitt-ThinItalic.otf in Resources */,
				B0820EAC1AB4AE1F0015F0DB /* CooperHewitt-BookItalic.otf in Resources */,
				B0820EAB1AB4AE1F0015F0DB /* CooperHewitt-Book.otf in Resources */,
				B0820EAD1AB4AE1F0015F0DB /* CooperHewitt-Heavy.otf in Resources */,
				B0820EB31AB4AE1F0015F0DB /* CooperHewitt-Semibold.otf in Resources */,
				B0820EB51AB4AE1F0015F0DB /* CooperHewitt-Thin.otf in Resources */,
				B09C50611B65A3E700A451AC /* search_icn_black.png in Resources */,
				B0820EB21AB4AE1F0015F0DB /* CooperHewitt-MediumItalic.otf in Resources */,
				B06FB9891A80620B00AEAB8F /* Images.xcassets in Resources */,
				B036109D1B1FBF0B001E0C8E /* cs_intro_02.png in Resources */,
				B0820EB01AB4AE1F0015F0DB /* CooperHewitt-LightItalic.otf in Resources */,
				B03610A01B267DDD001E0C8E /* default_book.png in Resources */,
			);
			runOnlyForDeploymentPostprocessing = 0;
		};
		B06FB98F1A80620B00AEAB8F /* Resources */ = {
			isa = PBXResourcesBuildPhase;
			buildActionMask = 2147483647;
			files = (
			);
			runOnlyForDeploymentPostprocessing = 0;
		};
/* End PBXResourcesBuildPhase section */

/* Begin PBXSourcesBuildPhase section */
		B06FB9741A80620B00AEAB8F /* Sources */ = {
			isa = PBXSourcesBuildPhase;
			buildActionMask = 2147483647;
			files = (
				B009C5251A94306400C43439 /* Book.swift in Sources */,
				B02AFA3F1ADB6E1800BAF932 /* MapView.swift in Sources */,
				B0820EBA1AB4CB3F0015F0DB /* SearchViewController.swift in Sources */,
				B0A1A5221B16DA2D006176F8 /* NavigationViewController.swift in Sources */,
				B019B5361AF1BD07002417E8 /* TutorialItemController.swift in Sources */,
				B02AFA391AD2DF4600BAF932 /* BookViewController.swift in Sources */,
				B03D5A941B0BF69400742FE1 /* LocationViewController.swift in Sources */,
				B009C5271A94307300C43439 /* SearchService.swift in Sources */,
				B0820EBE1ACB5B740015F0DB /* ResultsViewController.swift in Sources */,
				B02AFA3D1ADB6C7300BAF932 /* Store.swift in Sources */,
				B019B5341AF1BA54002417E8 /* TutorialViewController.swift in Sources */,
				B07F0CD91B0D4D79007CFEB6 /* Settings.swift in Sources */,
				B06FB97E1A80620B00AEAB8F /* AppDelegate.swift in Sources */,
				B02AFA461ADCB62300BAF932 /* StoresView.swift in Sources */,
				B0F4FE001AE038DE001516C9 /* StoreCell.swift in Sources */,
				B0820EC21ACB8B5A0015F0DB /* ResultsHeaderView.swift in Sources */,
				B0820EC01ACB701F0015F0DB /* CoverImageCell.swift in Sources */,
			);
			runOnlyForDeploymentPostprocessing = 0;
		};
		B06FB98D1A80620B00AEAB8F /* Sources */ = {
			isa = PBXSourcesBuildPhase;
			buildActionMask = 2147483647;
			files = (
				B02AFA401ADB70B500BAF932 /* Store.swift in Sources */,
				B093DACC1A98151500309EE2 /* Book.swift in Sources */,
				B093DACB1A98117F00309EE2 /* BookTests.swift in Sources */,
				B02AFA421ADB70C300BAF932 /* StoreTests.swift in Sources */,
			);
			runOnlyForDeploymentPostprocessing = 0;
		};
/* End PBXSourcesBuildPhase section */

/* Begin PBXTargetDependency section */
		B06FB9931A80620B00AEAB8F /* PBXTargetDependency */ = {
			isa = PBXTargetDependency;
			target = B06FB9771A80620B00AEAB8F /* CityShelf */;
			targetProxy = B06FB9921A80620B00AEAB8F /* PBXContainerItemProxy */;
		};
/* End PBXTargetDependency section */

/* Begin PBXVariantGroup section */
		B06FB9851A80620B00AEAB8F /* Main.storyboard */ = {
			isa = PBXVariantGroup;
			children = (
				B06FB9861A80620B00AEAB8F /* Base */,
			);
			name = Main.storyboard;
			sourceTree = "<group>";
		};
		B06FB98A1A80620B00AEAB8F /* LaunchScreen.xib */ = {
			isa = PBXVariantGroup;
			children = (
				B06FB98B1A80620B00AEAB8F /* Base */,
			);
			name = LaunchScreen.xib;
			sourceTree = "<group>";
		};
/* End PBXVariantGroup section */

/* Begin XCBuildConfiguration section */
		B06FB9991A80620B00AEAB8F /* Debug */ = {
			isa = XCBuildConfiguration;
			buildSettings = {
				ALWAYS_SEARCH_USER_PATHS = NO;
				CLANG_CXX_LANGUAGE_STANDARD = "gnu++0x";
				CLANG_CXX_LIBRARY = "libc++";
				CLANG_ENABLE_MODULES = YES;
				CLANG_ENABLE_OBJC_ARC = YES;
				CLANG_WARN_BOOL_CONVERSION = YES;
				CLANG_WARN_CONSTANT_CONVERSION = YES;
				CLANG_WARN_DIRECT_OBJC_ISA_USAGE = YES_ERROR;
				CLANG_WARN_EMPTY_BODY = YES;
				CLANG_WARN_ENUM_CONVERSION = YES;
				CLANG_WARN_INT_CONVERSION = YES;
				CLANG_WARN_OBJC_ROOT_CLASS = YES_ERROR;
				CLANG_WARN_UNREACHABLE_CODE = YES;
				CLANG_WARN__DUPLICATE_METHOD_MATCH = YES;
				"CODE_SIGN_IDENTITY[sdk=iphoneos*]" = "iPhone Developer";
				COPY_PHASE_STRIP = NO;
				ENABLE_STRICT_OBJC_MSGSEND = YES;
				GCC_C_LANGUAGE_STANDARD = gnu99;
				GCC_DYNAMIC_NO_PIC = NO;
				GCC_OPTIMIZATION_LEVEL = 0;
				GCC_PREPROCESSOR_DEFINITIONS = (
					"DEBUG=1",
					"$(inherited)",
				);
				GCC_SYMBOLS_PRIVATE_EXTERN = NO;
				GCC_WARN_64_TO_32_BIT_CONVERSION = YES;
				GCC_WARN_ABOUT_RETURN_TYPE = YES_ERROR;
				GCC_WARN_UNDECLARED_SELECTOR = YES;
				GCC_WARN_UNINITIALIZED_AUTOS = YES_AGGRESSIVE;
				GCC_WARN_UNUSED_FUNCTION = YES;
				GCC_WARN_UNUSED_VARIABLE = YES;
				IPHONEOS_DEPLOYMENT_TARGET = 8.1;
				MTL_ENABLE_DEBUG_INFO = YES;
				ONLY_ACTIVE_ARCH = YES;
				SDKROOT = iphoneos;
				SWIFT_OPTIMIZATION_LEVEL = "-Onone";
			};
			name = Debug;
		};
		B06FB99A1A80620B00AEAB8F /* Release */ = {
			isa = XCBuildConfiguration;
			buildSettings = {
				ALWAYS_SEARCH_USER_PATHS = NO;
				CLANG_CXX_LANGUAGE_STANDARD = "gnu++0x";
				CLANG_CXX_LIBRARY = "libc++";
				CLANG_ENABLE_MODULES = YES;
				CLANG_ENABLE_OBJC_ARC = YES;
				CLANG_WARN_BOOL_CONVERSION = YES;
				CLANG_WARN_CONSTANT_CONVERSION = YES;
				CLANG_WARN_DIRECT_OBJC_ISA_USAGE = YES_ERROR;
				CLANG_WARN_EMPTY_BODY = YES;
				CLANG_WARN_ENUM_CONVERSION = YES;
				CLANG_WARN_INT_CONVERSION = YES;
				CLANG_WARN_OBJC_ROOT_CLASS = YES_ERROR;
				CLANG_WARN_UNREACHABLE_CODE = YES;
				CLANG_WARN__DUPLICATE_METHOD_MATCH = YES;
				"CODE_SIGN_IDENTITY[sdk=iphoneos*]" = "iPhone Developer";
				COPY_PHASE_STRIP = YES;
				ENABLE_NS_ASSERTIONS = NO;
				ENABLE_STRICT_OBJC_MSGSEND = YES;
				GCC_C_LANGUAGE_STANDARD = gnu99;
				GCC_WARN_64_TO_32_BIT_CONVERSION = YES;
				GCC_WARN_ABOUT_RETURN_TYPE = YES_ERROR;
				GCC_WARN_UNDECLARED_SELECTOR = YES;
				GCC_WARN_UNINITIALIZED_AUTOS = YES_AGGRESSIVE;
				GCC_WARN_UNUSED_FUNCTION = YES;
				GCC_WARN_UNUSED_VARIABLE = YES;
				IPHONEOS_DEPLOYMENT_TARGET = 8.1;
				MTL_ENABLE_DEBUG_INFO = NO;
				SDKROOT = iphoneos;
				VALIDATE_PRODUCT = YES;
			};
			name = Release;
		};
		B06FB99C1A80620B00AEAB8F /* Debug */ = {
			isa = XCBuildConfiguration;
			buildSettings = {
				ASSETCATALOG_COMPILER_APPICON_NAME = AppIcon;
				INFOPLIST_FILE = CityShelf/Info.plist;
				LD_RUNPATH_SEARCH_PATHS = "$(inherited) @executable_path/Frameworks";
				PRODUCT_NAME = "$(TARGET_NAME)";
			};
			name = Debug;
		};
		B06FB99D1A80620B00AEAB8F /* Release */ = {
			isa = XCBuildConfiguration;
			buildSettings = {
				ASSETCATALOG_COMPILER_APPICON_NAME = AppIcon;
				INFOPLIST_FILE = CityShelf/Info.plist;
				LD_RUNPATH_SEARCH_PATHS = "$(inherited) @executable_path/Frameworks";
				PRODUCT_NAME = "$(TARGET_NAME)";
			};
			name = Release;
		};
		B06FB99F1A80620B00AEAB8F /* Debug */ = {
			isa = XCBuildConfiguration;
			buildSettings = {
				BUNDLE_LOADER = "$(TEST_HOST)";
				FRAMEWORK_SEARCH_PATHS = (
					"$(SDKROOT)/Developer/Library/Frameworks",
					"$(inherited)",
				);
				GCC_PREPROCESSOR_DEFINITIONS = (
					"DEBUG=1",
					"$(inherited)",
				);
				INFOPLIST_FILE = CityShelfTests/Info.plist;
				LD_RUNPATH_SEARCH_PATHS = "$(inherited) @executable_path/Frameworks @loader_path/Frameworks";
				PRODUCT_NAME = "$(TARGET_NAME)";
				TEST_HOST = "$(BUILT_PRODUCTS_DIR)/CityShelf.app/CityShelf";
			};
			name = Debug;
		};
		B06FB9A01A80620B00AEAB8F /* Release */ = {
			isa = XCBuildConfiguration;
			buildSettings = {
				BUNDLE_LOADER = "$(TEST_HOST)";
				FRAMEWORK_SEARCH_PATHS = (
					"$(SDKROOT)/Developer/Library/Frameworks",
					"$(inherited)",
				);
				INFOPLIST_FILE = CityShelfTests/Info.plist;
				LD_RUNPATH_SEARCH_PATHS = "$(inherited) @executable_path/Frameworks @loader_path/Frameworks";
				PRODUCT_NAME = "$(TARGET_NAME)";
				TEST_HOST = "$(BUILT_PRODUCTS_DIR)/CityShelf.app/CityShelf";
			};
			name = Release;
		};
/* End XCBuildConfiguration section */

/* Begin XCConfigurationList section */
		B06FB9731A80620B00AEAB8F /* Build configuration list for PBXProject "CityShelf" */ = {
			isa = XCConfigurationList;
			buildConfigurations = (
				B06FB9991A80620B00AEAB8F /* Debug */,
				B06FB99A1A80620B00AEAB8F /* Release */,
			);
			defaultConfigurationIsVisible = 0;
			defaultConfigurationName = Release;
		};
		B06FB99B1A80620B00AEAB8F /* Build configuration list for PBXNativeTarget "CityShelf" */ = {
			isa = XCConfigurationList;
			buildConfigurations = (
				B06FB99C1A80620B00AEAB8F /* Debug */,
				B06FB99D1A80620B00AEAB8F /* Release */,
			);
			defaultConfigurationIsVisible = 0;
			defaultConfigurationName = Release;
		};
		B06FB99E1A80620B00AEAB8F /* Build configuration list for PBXNativeTarget "CityShelfTests" */ = {
			isa = XCConfigurationList;
			buildConfigurations = (
				B06FB99F1A80620B00AEAB8F /* Debug */,
				B06FB9A01A80620B00AEAB8F /* Release */,
			);
			defaultConfigurationIsVisible = 0;
			defaultConfigurationName = Release;
		};
/* End XCConfigurationList section */
	};
	rootObject = B06FB9701A80620B00AEAB8F /* Project object */;
}
